{
  "name": "BedrockVote",
  "lockfileVersion": 3,
  "requires": true,
  "packages": {
    "": {
      "dependencies": {
        "@minecraft/server": "^2.2.0-beta.1.21.102-stable",
        "@minecraft/server-net": "^1.0.0-beta.1.21.101-stable",
        "@minecraft/server-ui": "^2.1.0-beta.1.21.102-stable"
      }
    },
    "node_modules/@minecraft/common": {
      "version": "1.2.0",
      "resolved": "https://registry.npmjs.org/@minecraft/common/-/common-1.2.0.tgz",
      "integrity": "sha512-JdmEq4P3Z/FtoBzhLijFgMSVFnFRrUoLwY8DHHrgtFo0mfLTOLTB1RErYjLMsA6b7BGVNxkX/pfFRiH7QZ0XwQ==",
      "license": "MIT"
    },
    "node_modules/@minecraft/server": {
      "version": "2.2.0-rc.1.21.120-preview.22",
      "resolved": "https://registry.npmjs.org/@minecraft/server/-/server-2.2.0-rc.1.21.120-preview.22.tgz",
      "integrity": "sha512-gHwQu9JyEr+fGrujVG/pEVQ4E5bKqQlnkmd9KJtl8TZgc/N3ECbZgDjHL+k/9nd6CsP08mxEvpZ8d8izr0lWUA==",
      "license": "MIT",
      "peerDependencies": {
        "@minecraft/common": "^1.2.0",
        "@minecraft/vanilla-data": ">=1.20.70 || 1.21.120-preview.22"
      }
    },
    "node_modules/@minecraft/server-admin": {
      "version": "1.0.0-beta.11940b24",
      "resolved": "https://registry.npmjs.org/@minecraft/server-admin/-/server-admin-1.0.0-beta.11940b24.tgz",
      "integrity": "sha512-UZ8YyB8mvF31f22+uM67gJums9d6NDgz9AQ2l4a++EHUP9uen0m3aaBaqM9RyumJpRBJbv/hslAKOyeDT01qew==",
      "license": "MIT"
    },
    "node_modules/@minecraft/server-net": {
      "version": "1.0.0-beta.11940b24",
      "resolved": "https://registry.npmjs.org/@minecraft/server-net/-/server-net-1.0.0-beta.11940b24.tgz",
      "integrity": "sha512-jiL03mGNpADCfvPDyydheEAhdi7J++nx5nB7Gyu3GImDlV5pv9uTwKCrnmILrLs4qJTtxhuRLKBKRlVyYDpKMw==",
      "license": "MIT",
      "dependencies": {
        "@minecraft/server-admin": "1.0.0-beta.11940b24"
      }
    },
    "node_modules/@minecraft/server-ui": {
      "version": "2.1.0-beta.1.21.95-stable",
      "resolved": "https://registry.npmjs.org/@minecraft/server-ui/-/server-ui-2.1.0-beta.1.21.95-stable.tgz",
      "integrity": "sha512-l2BuMS5qWtq4W5D8MSbyQeBC/wlkxwIwfxWROVAYbLEsBvX8DZMlGx971L7AcmIS1kOldxK9kTtVEkzD7j2ZVg==",
      "license": "MIT",
      "dependencies": {
        "@minecraft/common": "^1.0.0",
        "@minecraft/server": "^2.0.0"
      }
    },
    "node_modules/@minecraft/server-ui/node_modules/@minecraft/server": {
      "version": "2.1.0",
      "resolved": "https://registry.npmjs.org/@minecraft/server/-/server-2.1.0.tgz",
      "integrity": "sha512-yT7MH47hqhJ3C208Y3g7bEo52aT5q9DZApxH5y3+qQ9voqazF35t3FeTd6aw2S7C07HA6yZOmNZ7p79b3PCJXg==",
      "license": "MIT",
      "dependencies": {
        "@minecraft/common": "^1.2.0"
      },
      "peerDependencies": {
        "@minecraft/vanilla-data": ">=1.20.70"
      }
    },
    "node_modules/@minecraft/vanilla-data": {
      "version": "1.21.101",
      "resolved": "https://registry.npmjs.org/@minecraft/vanilla-data/-/vanilla-data-1.21.101.tgz",
      "integrity": "sha512-/SaOkginnFrzWKM6MXcn7RUfL52rvqUPd+u6jNkLm/t6GBj+Kh+ys/go6hFJqMAveHqXw0G2bgH8gKCaMobcvw==",
      "license": "MIT",
      "peer": true
    }
  }
}
